
Microsoft Visual Studio Solution File, Format Version 12.00
# Visual Studio Version 17
VisualStudioVersion = 17.8.34322.80
MinimumVisualStudioVersion = 10.0.40219.1
Project("{FAE04EC0-301F-11D3-BF4B-00C04F79EFBC}") = "Fundamentals", "Fundamentals\Fundamentals.csproj", "{09FABCF2-0FA2-459F-824D-CAA77A89576A}"
EndProject
Project("{FAE04EC0-301F-11D3-BF4B-00C04F79EFBC}") = "DesignPatterns", "DesignPatterns\DesignPatterns.csproj", "{C942A6E6-7939-4876-9BF5-254105ABDD8C}"
EndProject
Project("{FAE04EC0-301F-11D3-BF4B-00C04F79EFBC}") = "DesignPatterns.Tests", "DesignPatterns.Tests\DesignPatterns.Tests.csproj", "{DE94CCB5-989D-463F-9A43-59DBDBA07D7A}"
EndProject
Global
	GlobalSection(SolutionConfigurationPlatforms) = preSolution
		Debug|Any CPU = Debug|Any CPU
		Release|Any CPU = Release|Any CPU
	EndGlobalSection
	GlobalSection(ProjectConfigurationPlatforms) = postSolution
		{09FABCF2-0FA2-459F-824D-CAA77A89576A}.Debug|Any CPU.ActiveCfg = Debug|Any CPU
		{09FABCF2-0FA2-459F-824D-CAA77A89576A}.Debug|Any CPU.Build.0 = Debug|Any CPU
		{09FABCF2-0FA2-459F-824D-CAA77A89576A}.Release|Any CPU.ActiveCfg = Release|Any CPU
		{09FABCF2-0FA2-459F-824D-CAA77A89576A}.Release|Any CPU.Build.0 = Release|Any CPU
		{C942A6E6-7939-4876-9BF5-254105ABDD8C}.Debug|Any CPU.ActiveCfg = Debug|Any CPU
		{C942A6E6-7939-4876-9BF5-254105ABDD8C}.Debug|Any CPU.Build.0 = Debug|Any CPU
		{C942A6E6-7939-4876-9BF5-254105ABDD8C}.Release|Any CPU.ActiveCfg = Release|Any CPU
		{C942A6E6-7939-4876-9BF5-254105ABDD8C}.Release|Any CPU.Build.0 = Release|Any CPU
		{DE94CCB5-989D-463F-9A43-59DBDBA07D7A}.Debug|Any CPU.ActiveCfg = Debug|Any CPU
		{DE94CCB5-989D-463F-9A43-59DBDBA07D7A}.Debug|Any CPU.Build.0 = Debug|Any CPU
		{DE94CCB5-989D-463F-9A43-59DBDBA07D7A}.Release|Any CPU.ActiveCfg = Release|Any CPU
		{DE94CCB5-989D-463F-9A43-59DBDBA07D7A}.Release|Any CPU.Build.0 = Release|Any CPU
	EndGlobalSection
	GlobalSection(SolutionProperties) = preSolution
		HideSolutionNode = FALSE
	EndGlobalSection
	GlobalSection(ExtensibilityGlobals) = postSolution
		SolutionGuid = {B06EC72F-7F78-4690-87DB-297330584368}
	EndGlobalSection
EndGlobal
