
Microsoft Visual Studio Solution File, Format Version 12.00
# Visual Studio Version 17
VisualStudioVersion = 17.8.34322.80
MinimumVisualStudioVersion = 10.0.40219.1
Project("{9A19103F-16F7-4668-BE54-9A1E7A4F7556}") = "StrategyPattern", "StrategyPattern\StrategyPattern.csproj", "{4EA43D99-CD65-440B-9422-5CD24EF9EAAE}"
EndProject
Project("{9A19103F-16F7-4668-BE54-9A1E7A4F7556}") = "StrategyPattern.Tests", "StrategyPattern.Tests\StrategyPattern.Tests.csproj", "{27246036-61A9-4A54-996E-A714A33FB8D3}"
EndProject
Project("{FAE04EC0-301F-11D3-BF4B-00C04F79EFBC}") = "Interfaces", "Interfaces\Interfaces.csproj", "{51AFC63A-49EF-4A1D-A3CC-E56A99075597}"
EndProject
Project("{FAE04EC0-301F-11D3-BF4B-00C04F79EFBC}") = "Interfaces.Tests", "Interfaces.Tests\Interfaces.Tests.csproj", "{8D184E30-DC42-42BC-8904-F22D4E571DC0}"
EndProject
Global
	GlobalSection(SolutionConfigurationPlatforms) = preSolution
		Debug|Any CPU = Debug|Any CPU
		Release|Any CPU = Release|Any CPU
	EndGlobalSection
	GlobalSection(ProjectConfigurationPlatforms) = postSolution
		{4EA43D99-CD65-440B-9422-5CD24EF9EAAE}.Debug|Any CPU.ActiveCfg = Debug|Any CPU
		{4EA43D99-CD65-440B-9422-5CD24EF9EAAE}.Debug|Any CPU.Build.0 = Debug|Any CPU
		{4EA43D99-CD65-440B-9422-5CD24EF9EAAE}.Release|Any CPU.ActiveCfg = Release|Any CPU
		{4EA43D99-CD65-440B-9422-5CD24EF9EAAE}.Release|Any CPU.Build.0 = Release|Any CPU
		{27246036-61A9-4A54-996E-A714A33FB8D3}.Debug|Any CPU.ActiveCfg = Debug|Any CPU
		{27246036-61A9-4A54-996E-A714A33FB8D3}.Debug|Any CPU.Build.0 = Debug|Any CPU
		{27246036-61A9-4A54-996E-A714A33FB8D3}.Release|Any CPU.ActiveCfg = Release|Any CPU
		{27246036-61A9-4A54-996E-A714A33FB8D3}.Release|Any CPU.Build.0 = Release|Any CPU
		{51AFC63A-49EF-4A1D-A3CC-E56A99075597}.Debug|Any CPU.ActiveCfg = Debug|Any CPU
		{51AFC63A-49EF-4A1D-A3CC-E56A99075597}.Debug|Any CPU.Build.0 = Debug|Any CPU
		{51AFC63A-49EF-4A1D-A3CC-E56A99075597}.Release|Any CPU.ActiveCfg = Release|Any CPU
		{51AFC63A-49EF-4A1D-A3CC-E56A99075597}.Release|Any CPU.Build.0 = Release|Any CPU
		{8D184E30-DC42-42BC-8904-F22D4E571DC0}.Debug|Any CPU.ActiveCfg = Debug|Any CPU
		{8D184E30-DC42-42BC-8904-F22D4E571DC0}.Debug|Any CPU.Build.0 = Debug|Any CPU
		{8D184E30-DC42-42BC-8904-F22D4E571DC0}.Release|Any CPU.ActiveCfg = Release|Any CPU
		{8D184E30-DC42-42BC-8904-F22D4E571DC0}.Release|Any CPU.Build.0 = Release|Any CPU
	EndGlobalSection
	GlobalSection(SolutionProperties) = preSolution
		HideSolutionNode = FALSE
	EndGlobalSection
	GlobalSection(ExtensibilityGlobals) = postSolution
		SolutionGuid = {B06EC72F-7F78-4690-87DB-297330584368}
	EndGlobalSection
EndGlobal
